
Microsoft Visual Studio Solution File, Format Version 12.00
# Visual Studio Version 17
VisualStudioVersion = 17.0.31903.59
MinimumVisualStudioVersion = 10.0.40219.1
Project("{FAE04EC0-301F-11D3-BF4B-00C04F79EFBC}") = "ProjectBabylon", "ProjectBabylon\ProjectBabylon.csproj", "{BCD3DAF9-D2D6-44DB-80C3-22A66724A6BA}"
EndProject
Project("{FAE04EC0-301F-11D3-BF4B-00C04F79EFBC}") = "ProjectBabylon.Indexer", "ProjectBabylon.Indexer\ProjectBabylon.Indexer.csproj", "{6D626018-A6F8-4E37-BC47-39BB3178D6F6}"
EndProject
Global
	GlobalSection(SolutionConfigurationPlatforms) = preSolution
		Debug|Any CPU = Debug|Any CPU
		Release|Any CPU = Release|Any CPU
	EndGlobalSection
	GlobalSection(SolutionProperties) = preSolution
		HideSolutionNode = FALSE
	EndGlobalSection
	GlobalSection(ProjectConfigurationPlatforms) = postSolution
		{BCD3DAF9-D2D6-44DB-80C3-22A66724A6BA}.Debug|Any CPU.ActiveCfg = Debug|Any CPU
		{BCD3DAF9-D2D6-44DB-80C3-22A66724A6BA}.Debug|Any CPU.Build.0 = Debug|Any CPU
		{BCD3DAF9-D2D6-44DB-80C3-22A66724A6BA}.Release|Any CPU.ActiveCfg = Release|Any CPU
		{BCD3DAF9-D2D6-44DB-80C3-22A66724A6BA}.Release|Any CPU.Build.0 = Release|Any CPU
		{6D626018-A6F8-4E37-BC47-39BB3178D6F6}.Debug|Any CPU.ActiveCfg = Debug|Any CPU
		{6D626018-A6F8-4E37-BC47-39BB3178D6F6}.Debug|Any CPU.Build.0 = Debug|Any CPU
		{6D626018-A6F8-4E37-BC47-39BB3178D6F6}.Release|Any CPU.ActiveCfg = Release|Any CPU
		{6D626018-A6F8-4E37-BC47-39BB3178D6F6}.Release|Any CPU.Build.0 = Release|Any CPU
	EndGlobalSection
EndGlobal
