
Microsoft Visual Studio Solution File, Format Version 12.00
# Visual Studio Version 17
VisualStudioVersion = 17.9.34902.65
MinimumVisualStudioVersion = 10.0.40219.1
Project("{FAE04EC0-301F-11D3-BF4B-00C04F79EFBC}") = "App1", "App1\App1.csproj", "{B5AF75A3-F423-4B3E-9B5F-094FE746D67D}"
EndProject
Project("{FAE04EC0-301F-11D3-BF4B-00C04F79EFBC}") = "App2", "App2\App2.csproj", "{74F97973-3174-4A95-8B23-17EFBB3EE70E}"
EndProject
Global
	GlobalSection(SolutionConfigurationPlatforms) = preSolution
		Debug|x64 = Debug|x64
		Release|x64 = Release|x64
	EndGlobalSection
	GlobalSection(ProjectConfigurationPlatforms) = postSolution
		{B5AF75A3-F423-4B3E-9B5F-094FE746D67D}.Debug|x64.ActiveCfg = Debug|x64
		{B5AF75A3-F423-4B3E-9B5F-094FE746D67D}.Debug|x64.Build.0 = Debug|x64
		{B5AF75A3-F423-4B3E-9B5F-094FE746D67D}.Release|x64.ActiveCfg = Release|x64
		{B5AF75A3-F423-4B3E-9B5F-094FE746D67D}.Release|x64.Build.0 = Release|x64
		{74F97973-3174-4A95-8B23-17EFBB3EE70E}.Debug|x64.ActiveCfg = Debug|x64
		{74F97973-3174-4A95-8B23-17EFBB3EE70E}.Debug|x64.Build.0 = Debug|x64
		{74F97973-3174-4A95-8B23-17EFBB3EE70E}.Release|x64.ActiveCfg = Release|x64
		{74F97973-3174-4A95-8B23-17EFBB3EE70E}.Release|x64.Build.0 = Release|x64
	EndGlobalSection
	GlobalSection(SolutionProperties) = preSolution
		HideSolutionNode = FALSE
	EndGlobalSection
	GlobalSection(ExtensibilityGlobals) = postSolution
		SolutionGuid = {C4F5960E-36E0-4FDE-A4E4-428E60E10C46}
	EndGlobalSection
EndGlobal
