{
  "version": 2,
  "dependencies": {
    "net10.0": {
      "Avalonia": {
        "type": "Direct",
        "requested": "[11.3.7, )",
        "resolved": "11.3.7",
        "contentHash": "QlVvaYTSTqzoUflmAEMuPzi3vYdybEIXmFQgLZxdTbzTeyhlwKZ1WqtLwHVe1Fbt8oGSCqYYKsU8SViZsdXR2Q==",
        "dependencies": {
          "Avalonia.BuildServices": "11.3.1",
          "Avalonia.Remote.Protocol": "11.3.7",
          "MicroCom.Runtime": "0.11.0"
        }
      },
      "Avalonia.Desktop": {
        "type": "Direct",
        "requested": "[11.3.7, )",
        "resolved": "11.3.7",
        "contentHash": "yWYj8M4tpg6YJrGwPIrXPuVUocJsCmT81M+QtVZkEp4PZOUkm21tviaI4BGrY8eQYHuRRy7k/vcVxwHqnmQwuA==",
        "dependencies": {
          "Avalonia": "11.3.7",
          "Avalonia.Native": "11.3.7",
          "Avalonia.Skia": "11.3.7",
          "Avalonia.Win32": "11.3.7",
          "Avalonia.X11": "11.3.7"
        }
      },
      "Avalonia.Diagnostics": {
        "type": "Direct",
        "requested": "[11.3.7, )",
        "resolved": "11.3.7",
        "contentHash": "NFzoi/Vw9obiSV3/eX729+npxL8IiI1qK5IUDnUarE5PXLRUlprSvOIYgnVchbBwQ1XRFBtMjo7Njgj1A1AVxg==",
        "dependencies": {
          "Avalonia": "11.3.7",
          "Avalonia.Controls.ColorPicker": "11.3.7",
          "Avalonia.Themes.Simple": "11.3.7"
        }
      },
      "Avalonia.Fonts.Inter": {
        "type": "Direct",
        "requested": "[11.3.7, )",
        "resolved": "11.3.7",
        "contentHash": "F4o1OKt2UvXkCHJldx8r6bSkpF/jal0rajhZen4XFCsC4KvIDU0stfWQebQeOLGpmEhDYFWsNtR3a47hpBZSsg==",
        "dependencies": {
          "Avalonia": "11.3.7"
        }
      },
      "AvaloniaDialogs": {
        "type": "Direct",
        "requested": "[3.7.0, )",
        "resolved": "3.7.0",
        "contentHash": "wIr4jqXTBfyh5BKu128KDHc8IyHGExiYCunAlZzB8VLjnUntcBzSt/Laa5IAPWglmC5OShG1nHB1mj+JTI9Knw==",
        "dependencies": {
          "Avalonia": "11.1.0",
          "DialogHost.Avalonia": "[0.8.1, 1.0.0)"
        }
      },
      "Bluehill.Imports": {
        "type": "Direct",
        "requested": "[1.0.20, )",
        "resolved": "1.0.20",
        "contentHash": "h1QR0GdU33O/RjjCVq7IiVI5CiHdJjvgWLOsxglbBL0FlXCr5yVMk3oJcQYLLE287GO/8ttlryCy3Ltme2/tKg==",
        "dependencies": {
          "Bluehill.Analyzers": "1.9.0",
          "Roslynator.Analyzers": "4.14.0",
          "Roslynator.Formatting.Analyzers": "4.14.0",
          "SonarAnalyzer.CSharp": "10.15.0.120848",
          "StyleCop.Analyzers": "1.2.0-beta.556"
        }
      },
      "CmlLib.Core": {
        "type": "Direct",
        "requested": "[4.0.6, )",
        "resolved": "4.0.6",
        "contentHash": "57aUOFdDxfuD+tI3gigMK8jMuICYyw4CvpUj6d5/emdcl+3PscnOBWzj7SzrGRsTZ5RzgavP0dSmRwLfCiZRMA==",
        "dependencies": {
          "CmlLib.Core.Commons": "4.0.0",
          "LZMA-SDK": "19.0.0",
          "SharpZipLib": "1.4.2",
          "System.Text.Json": "8.0.5",
          "System.Threading.Tasks.Dataflow": "8.0.1"
        }
      },
      "CommunityToolkit.Mvvm": {
        "type": "Direct",
        "requested": "[8.4.0, )",
        "resolved": "8.4.0",
        "contentHash": "tqVU8yc/ADO9oiTRyTnwhFN68hCwvkliMierptWOudIAvWY1mWCh5VFh+guwHJmpMwfg0J0rY+yyd5Oy7ty9Uw=="
      },
      "FluentAvaloniaUI": {
        "type": "Direct",
        "requested": "[2.4.0, )",
        "resolved": "2.4.0",
        "contentHash": "KWpXexfCgDcVNanzzR+QXQKk300Xd9rImAZkMIrCG3TdKZ+s9sdMW3JfvKJWpzS74Y3JSZkY67Ngeh5nbtEtEw==",
        "dependencies": {
          "Avalonia": "11.2.5",
          "Avalonia.Controls.ColorPicker": "11.2.5",
          "Avalonia.Controls.DataGrid": "11.2.5",
          "Avalonia.Skia": "11.2.5",
          "MicroCom.Runtime": "0.11.0"
        }
      },
      "Microsoft.Extensions.Configuration.Json": {
        "type": "Direct",
        "requested": "[10.0.0-rc.1.25451.107, )",
        "resolved": "10.0.0-rc.1.25451.107",
        "contentHash": "vvKbTkuv/v4D/DQ65nKz4V55eN/JL23Mvm31GNvxvY9rpOsy4MtOu68+WE/fX62r0MVByGYULd1GLmQPAgJ3wQ==",
        "dependencies": {
          "Microsoft.Extensions.Configuration": "10.0.0-rc.1.25451.107",
          "Microsoft.Extensions.Configuration.Abstractions": "10.0.0-rc.1.25451.107",
          "Microsoft.Extensions.Configuration.FileExtensions": "10.0.0-rc.1.25451.107",
          "Microsoft.Extensions.FileProviders.Abstractions": "10.0.0-rc.1.25451.107"
        }
      },
      "Microsoft.Extensions.DependencyInjection": {
        "type": "Direct",
        "requested": "[10.0.0-rc.1.25451.107, )",
        "resolved": "10.0.0-rc.1.25451.107",
        "contentHash": "LyE1mwZNT30J/6ygkZZm6QlDRaKpwQf5dHkREGAlJQr75kz1VGx0RI/cxa6kevnuYaLNE5UtgtGT2Amp+dFT1Q==",
        "dependencies": {
          "Microsoft.Extensions.DependencyInjection.Abstractions": "10.0.0-rc.1.25451.107"
        }
      },
      "Microsoft.Extensions.Options.ConfigurationExtensions": {
        "type": "Direct",
        "requested": "[10.0.0-rc.1.25451.107, )",
        "resolved": "10.0.0-rc.1.25451.107",
        "contentHash": "6G5VB30lHscf+GUb/e0ZNdN8/yeLzNHWDPfdk1zDVODIlDL3Lm0zcr/h0v9gatilVlKKzLno49ftwLqyhw0sbw==",
        "dependencies": {
          "Microsoft.Extensions.Configuration.Abstractions": "10.0.0-rc.1.25451.107",
          "Microsoft.Extensions.Configuration.Binder": "10.0.0-rc.1.25451.107",
          "Microsoft.Extensions.DependencyInjection.Abstractions": "10.0.0-rc.1.25451.107",
          "Microsoft.Extensions.Options": "10.0.0-rc.1.25451.107",
          "Microsoft.Extensions.Primitives": "10.0.0-rc.1.25451.107"
        }
      },
      "Avalonia.Angle.Windows.Natives": {
        "type": "Transitive",
        "resolved": "2.1.25547.20250602",
        "contentHash": "ZL0VLc4s9rvNNFt19Pxm5UNAkmKNylugAwJPX9ulXZ6JWs/l6XZihPWWTyezaoNOVyEPU8YbURtW7XMAtqXH5A=="
      },
      "Avalonia.BuildServices": {
        "type": "Transitive",
        "resolved": "11.3.1",
        "contentHash": "k/WwXbqwaCtmE0a90YXB9plT50ok6OgLBIr+DUYK16akJN82iK69kgkL1vGDd8XBvf77JM3O27znBuy7AEoFgg=="
      },
      "Avalonia.Controls.ColorPicker": {
        "type": "Transitive",
        "resolved": "11.3.7",
        "contentHash": "qXAw5uUCkG+9NV2YzOEm/kF7u1hUHAJ7kOWWID2mbK2UU5D81sBzyLzEJeHK+yEY9qk37kL6YaHxc5k5qLWQDg==",
        "dependencies": {
          "Avalonia": "11.3.7",
          "Avalonia.Remote.Protocol": "11.3.7"
        }
      },
      "Avalonia.Controls.DataGrid": {
        "type": "Transitive",
        "resolved": "11.2.5",
        "contentHash": "XziirhxOoHhoFyfMFpS1Ka9GrewoMPTvA9nE/70OfxREwLUxiJLJwA5N7F8+C5DpRfHVZj9zZV2WdOn4tVXSag==",
        "dependencies": {
          "Avalonia": "11.2.5",
          "Avalonia.Remote.Protocol": "11.2.5"
        }
      },
      "Avalonia.FreeDesktop": {
        "type": "Transitive",
        "resolved": "11.3.7",
        "contentHash": "4K36zaeYiZT/6S5if5fXGDAdJL4u4zuO0k33VrLpdflkVCjgPrd1WhK3qxJrgF9YNRwpkvbxnTtZzSP2X6AfKg==",
        "dependencies": {
          "Avalonia": "11.3.7",
          "Tmds.DBus.Protocol": "0.21.2"
        }
      },
      "Avalonia.Native": {
        "type": "Transitive",
        "resolved": "11.3.7",
        "contentHash": "KONYDXAlqGpMwaVrRQTp4MnbUbiG34nEYMUl3iYkgl9qP54rR/iJgDh8Xo0UfEC9Tjc/N3kV4gmhcSrOT7NCbA==",
        "dependencies": {
          "Avalonia": "11.3.7"
        }
      },
      "Avalonia.Remote.Protocol": {
        "type": "Transitive",
        "resolved": "11.3.7",
        "contentHash": "xI/QoELcb/U4qSm1KDXRRaA1qy+QgyHlgTS6EN7crV/6Ldzdv990rk6ClFa2RajHhvEm2i6S8kVx2paWZIOHHw=="
      },
      "Avalonia.Skia": {
        "type": "Transitive",
        "resolved": "11.3.7",
        "contentHash": "nDTop5duFQBdsR3YzLs/w0rhOdOB6szZQLD2vMCe8FDkKQM4j35sXMKVUcTtvSts3x8yo5DEarXfWU1viY2gng==",
        "dependencies": {
          "Avalonia": "11.3.7",
          "HarfBuzzSharp": "8.3.1.1",
          "HarfBuzzSharp.NativeAssets.Linux": "8.3.1.1",
          "HarfBuzzSharp.NativeAssets.WebAssembly": "8.3.1.1",
          "SkiaSharp": "2.88.9",
          "SkiaSharp.NativeAssets.Linux": "2.88.9",
          "SkiaSharp.NativeAssets.WebAssembly": "2.88.9"
        }
      },
      "Avalonia.Themes.Simple": {
        "type": "Transitive",
        "resolved": "11.3.7",
        "contentHash": "Cim40nKVWmn3OEWTZVWHVM9wBtsS0gon6M2RNnEg6xy79+0GW01BieFcPXjHE4NF8EltHG7JHvfMmxMW+ea2Zw==",
        "dependencies": {
          "Avalonia": "11.3.7"
        }
      },
      "Avalonia.Win32": {
        "type": "Transitive",
        "resolved": "11.3.7",
        "contentHash": "e6EdWKnGvr7WSg4Q3zjej0DQo5FjzwuB+5kqotYVrf+RG/EvP/49P9S257Cjz9A5Br0TCNLny3VBbqPlt4i4Ag==",
        "dependencies": {
          "Avalonia": "11.3.7",
          "Avalonia.Angle.Windows.Natives": "2.1.25547.20250602"
        }
      },
      "Avalonia.X11": {
        "type": "Transitive",
        "resolved": "11.3.7",
        "contentHash": "1/C3oM/qIRDGnBViXDpCvwsQPq74+QrwXGCzGb3meF0u+7nTZ/obh+fxMGgcq/0QHcq0t7taxsUr1lhVyBtEYw==",
        "dependencies": {
          "Avalonia": "11.3.7",
          "Avalonia.FreeDesktop": "11.3.7",
          "Avalonia.Skia": "11.3.7"
        }
      },
      "Bluehill.Analyzers": {
        "type": "Transitive",
        "resolved": "1.9.0",
        "contentHash": "CCZd1bRWbvSByTR5wPcZYuT7KI/CPD3nX8LAfE5rkvFWRxpdLDNLCPtDgPQBheFoYSd7bm3LsVSIim15gayBSA=="
      },
      "CmlLib.Core.Commons": {
        "type": "Transitive",
        "resolved": "4.0.0",
        "contentHash": "8yD43GJA9RyFpqR8PGP9LpUKORBgOVXQVwH0OxwXnNp/gNpVQMIiraKdmHbFO5bhO7jujFOg1FdtUIFYYdlykg==",
        "dependencies": {
          "System.Text.Json": "8.0.3"
        }
      },
      "DialogHost.Avalonia": {
        "type": "Transitive",
        "resolved": "0.8.1",
        "contentHash": "RLBOMqjJPgSmwe0i1pzX3Q7Pn0i4xE/E1b774krd4VyEkaorz1AYMdYQHyIfuhtQv5NntZyS0MuQbxJl/PhzBg==",
        "dependencies": {
          "Avalonia": "11.1.0"
        }
      },
      "HarfBuzzSharp": {
        "type": "Transitive",
        "resolved": "8.3.1.1",
        "contentHash": "tLZN66oe/uiRPTZfrCU4i8ScVGwqHNh5MHrXj0yVf4l7Mz0FhTGnQ71RGySROTmdognAs0JtluHkL41pIabWuQ==",
        "dependencies": {
          "HarfBuzzSharp.NativeAssets.Win32": "8.3.1.1",
          "HarfBuzzSharp.NativeAssets.macOS": "8.3.1.1"
        }
      },
      "HarfBuzzSharp.NativeAssets.Linux": {
        "type": "Transitive",
        "resolved": "8.3.1.1",
        "contentHash": "3EZ1mpIiKWRLL5hUYA82ZHteeDIVaEA/Z0rA/wU6tjx6crcAkJnBPwDXZugBSfo8+J3EznvRJf49uMsqYfKrHg=="
      },
      "HarfBuzzSharp.NativeAssets.macOS": {
        "type": "Transitive",
        "resolved": "8.3.1.1",
        "contentHash": "jbtCsgftcaFLCA13tVKo5iWdElJScrulLTKJre36O4YQTIlwDtPPqhRZNk+Y0vv4D1gxbscasGRucUDfS44ofQ=="
      },
      "HarfBuzzSharp.NativeAssets.WebAssembly": {
        "type": "Transitive",
        "resolved": "8.3.1.1",
        "contentHash": "loJweK2u/mH/3C2zBa0ggJlITIszOkK64HLAZB7FUT670dTg965whLFYHDQo69NmC4+d9UN0icLC9VHidXaVCA=="
      },
      "HarfBuzzSharp.NativeAssets.Win32": {
        "type": "Transitive",
        "resolved": "8.3.1.1",
        "contentHash": "UsJtQsfAJoFDZrXc4hCUfRPMqccfKZ0iumJ/upcUjz/cmsTgVFGNEL5yaJWmkqsuFYdMWbj/En5/kS4PFl9hBA=="
      },
      "LZMA-SDK": {
        "type": "Transitive",
        "resolved": "19.0.0",
        "contentHash": "/4yPB/YNtttdbxmHifyNUw6rUiBqCCUgeuokXsWvM/X9CDXJq1eQdI9uVgNpJdrzAZhTIAqNzbOP7Z2ogZt+2g=="
      },
      "MicroCom.Runtime": {
        "type": "Transitive",
        "resolved": "0.11.0",
        "contentHash": "MEnrZ3UIiH40hjzMDsxrTyi8dtqB5ziv3iBeeU4bXsL/7NLSal9F1lZKpK+tfBRnUoDSdtcW3KufE4yhATOMCA=="
      },
      "Microsoft.Extensions.Configuration": {
        "type": "Transitive",
        "resolved": "10.0.0-rc.1.25451.107",
        "contentHash": "pyIiy0uo0i2pM1IPTHf9X/sy1lOxRjAPuj7TAHlt+prfEvurKOXVdTrK41Xmr4e6mScWdesoOVpIoAhgP/N5BQ==",
        "dependencies": {
          "Microsoft.Extensions.Configuration.Abstractions": "10.0.0-rc.1.25451.107",
          "Microsoft.Extensions.Primitives": "10.0.0-rc.1.25451.107"
        }
      },
      "Microsoft.Extensions.Configuration.Abstractions": {
        "type": "Transitive",
        "resolved": "10.0.0-rc.1.25451.107",
        "contentHash": "NOCQeNLsBMq0rdmZAWMWMEepO+/4iV6zBO2iyOBAzwtR1kZCVjrm/p4Z2Vda7IycOLEJKkcXfjN+oeqXH8mcFw==",
        "dependencies": {
          "Microsoft.Extensions.Primitives": "10.0.0-rc.1.25451.107"
        }
      },
      "Microsoft.Extensions.Configuration.Binder": {
        "type": "Transitive",
        "resolved": "10.0.0-rc.1.25451.107",
        "contentHash": "leKQmXsApCae6Mp65B29INCh3IFEALvpvKNAmcNV1GcwgAxZaDFVS6WbOQegkYLvTAX2G3DT5KE0skI8jy1kig==",
        "dependencies": {
          "Microsoft.Extensions.Configuration": "10.0.0-rc.1.25451.107",
          "Microsoft.Extensions.Configuration.Abstractions": "10.0.0-rc.1.25451.107"
        }
      },
      "Microsoft.Extensions.Configuration.FileExtensions": {
        "type": "Transitive",
        "resolved": "10.0.0-rc.1.25451.107",
        "contentHash": "gZO0j5JQjHy+CoBO7XRz4m5DhB16FOJsZIMj328xA/xSHhU6qK0xC2iboeC11W4MDKTukfnaj+yCtAtfHTcHkA==",
        "dependencies": {
          "Microsoft.Extensions.Configuration": "10.0.0-rc.1.25451.107",
          "Microsoft.Extensions.Configuration.Abstractions": "10.0.0-rc.1.25451.107",
          "Microsoft.Extensions.FileProviders.Abstractions": "10.0.0-rc.1.25451.107",
          "Microsoft.Extensions.FileProviders.Physical": "10.0.0-rc.1.25451.107",
          "Microsoft.Extensions.Primitives": "10.0.0-rc.1.25451.107"
        }
      },
      "Microsoft.Extensions.DependencyInjection.Abstractions": {
        "type": "Transitive",
        "resolved": "10.0.0-rc.1.25451.107",
        "contentHash": "Wm2HfC0GlWExQmJajq85FHM9iHEOm61Z1c2YLivbzI6R5eT+TTSyfk3RHUra4oBU+oj1XhOIQ5hLW6Kg2r85tg=="
      },
      "Microsoft.Extensions.FileProviders.Abstractions": {
        "type": "Transitive",
        "resolved": "10.0.0-rc.1.25451.107",
        "contentHash": "/Fi7B/NuEG5XMc80bHXb33ZO8SykBMcwOhZFygmNQ0SvmOUFD41M4XEtF27kmII73p1C4U84LWidkMZyvELmBw==",
        "dependencies": {
          "Microsoft.Extensions.Primitives": "10.0.0-rc.1.25451.107"
        }
      },
      "Microsoft.Extensions.FileProviders.Physical": {
        "type": "Transitive",
        "resolved": "10.0.0-rc.1.25451.107",
        "contentHash": "EdAkxAb8BQO6GI6NijKj7SYj79j7OOQlRCVJfyjw+6YvVBepery5gAUieu05ig4o4CYlpvie4xzmYoHiCN/6dQ==",
        "dependencies": {
          "Microsoft.Extensions.FileProviders.Abstractions": "10.0.0-rc.1.25451.107",
          "Microsoft.Extensions.FileSystemGlobbing": "10.0.0-rc.1.25451.107",
          "Microsoft.Extensions.Primitives": "10.0.0-rc.1.25451.107"
        }
      },
      "Microsoft.Extensions.FileSystemGlobbing": {
        "type": "Transitive",
        "resolved": "10.0.0-rc.1.25451.107",
        "contentHash": "EgPqaVLU+duTIlONHfipkTt0xtNZlHgta54QUj5nrXb7pY4rPMwgYExwxbjM9xGJ3lIMjp5H/zkKii55aZk9Sg=="
      },
      "Microsoft.Extensions.Options": {
        "type": "Transitive",
        "resolved": "10.0.0-rc.1.25451.107",
        "contentHash": "lM7V/A39nKSh7kdTqqh8yRCEvgw1P3X0odWd5o7A94j/Ln8xT+1kV60MTP/i78jaa4FNDhFfYE7yao5T84aQZg==",
        "dependencies": {
          "Microsoft.Extensions.DependencyInjection.Abstractions": "10.0.0-rc.1.25451.107",
          "Microsoft.Extensions.Primitives": "10.0.0-rc.1.25451.107"
        }
      },
      "Microsoft.Extensions.Primitives": {
        "type": "Transitive",
        "resolved": "10.0.0-rc.1.25451.107",
        "contentHash": "BNCfqG7CvhUQp7Sj8Qcr+HVNXkwV/nQfD6uS1HXXY2oO//QNpi4Mqy6IGeaIPIZIoQxykhLgPoSOJqRPCJRh/Q=="
      },
      "Roslynator.Analyzers": {
        "type": "Transitive",
        "resolved": "4.14.0",
        "contentHash": "AEWQMrb1rcmjv9FGzrwYSBb4INhDhsauS+wwTumG0wq8N1Il+CIQHqUZJ7bt0zYJEA1qXSqgpg8Fgwc88WrR/Q=="
      },
      "Roslynator.Formatting.Analyzers": {
        "type": "Transitive",
        "resolved": "4.14.0",
        "contentHash": "qGxeOq3qYZQo3nxCPqcU+QX82k2iPnStoE4mwIU1nMlOiN8yciOrGKfU4v7UgBv66GRi6Sqoc0/UDXoSdP+e1Q=="
      },
      "SharpZipLib": {
        "type": "Transitive",
        "resolved": "1.4.2",
        "contentHash": "yjj+3zgz8zgXpiiC3ZdF/iyTBbz2fFvMxZFEBPUcwZjIvXOf37Ylm+K58hqMfIBt5JgU/Z2uoUS67JmTLe973A=="
      },
      "SkiaSharp": {
        "type": "Transitive",
        "resolved": "2.88.9",
        "contentHash": "3MD5VHjXXieSHCleRLuaTXmL2pD0mB7CcOB1x2kA1I4bhptf4e3R27iM93264ZYuAq6mkUyX5XbcxnZvMJYc1Q==",
        "dependencies": {
          "SkiaSharp.NativeAssets.Win32": "2.88.9",
          "SkiaSharp.NativeAssets.macOS": "2.88.9"
        }
      },
      "SkiaSharp.NativeAssets.Linux": {
        "type": "Transitive",
        "resolved": "2.88.9",
        "contentHash": "cWSaJKVPWAaT/WIn9c8T5uT/l4ETwHxNJTkEOtNKjphNo8AW6TF9O32aRkxqw3l8GUdUo66Bu7EiqtFh/XG0Zg==",
        "dependencies": {
          "SkiaSharp": "2.88.9"
        }
      },
      "SkiaSharp.NativeAssets.macOS": {
        "type": "Transitive",
        "resolved": "2.88.9",
        "contentHash": "Nv5spmKc4505Ep7oUoJ5vp3KweFpeNqxpyGDWyeEPTX2uR6S6syXIm3gj75dM0YJz7NPvcix48mR5laqs8dPuA=="
      },
      "SkiaSharp.NativeAssets.WebAssembly": {
        "type": "Transitive",
        "resolved": "2.88.9",
        "contentHash": "kt06RccBHSnAs2wDYdBSfsjIDbY3EpsOVqnlDgKdgvyuRA8ZFDaHRdWNx1VHjGgYzmnFCGiTJBnXFl5BqGwGnA=="
      },
      "SkiaSharp.NativeAssets.Win32": {
        "type": "Transitive",
        "resolved": "2.88.9",
        "contentHash": "wb2kYgU7iy84nQLYZwMeJXixvK++GoIuECjU4ECaUKNuflyRlJKyiRhN1MAHswvlvzuvkrjRWlK0Za6+kYQK7w=="
      },
      "SonarAnalyzer.CSharp": {
        "type": "Transitive",
        "resolved": "10.15.0.120848",
        "contentHash": "1hM3HVRl5jdC/ZBDu+G7CCYLXRGe/QaP01Zy+c9ETPhY7lWD8g8HiefY6sGaH0T3CJ4wAy0/waGgQTh0TYy0oQ=="
      },
      "StyleCop.Analyzers": {
        "type": "Transitive",
        "resolved": "1.2.0-beta.556",
        "contentHash": "llRPgmA1fhC0I0QyFLEcjvtM2239QzKr/tcnbsjArLMJxJlu0AA5G7Fft0OI30pHF3MW63Gf4aSSsjc5m82J1Q==",
        "dependencies": {
          "StyleCop.Analyzers.Unstable": "1.2.0.556"
        }
      },
      "StyleCop.Analyzers.Unstable": {
        "type": "Transitive",
        "resolved": "1.2.0.556",
        "contentHash": "zvn9Mqs/ox/83cpYPignI8hJEM2A93s2HkHs8HYMOAQW0PkampyoErAiIyKxgTLqbbad29HX/shv/6LGSjPJNQ=="
      },
      "System.IO.Pipelines": {
        "type": "Transitive",
        "resolved": "8.0.0",
        "contentHash": "FHNOatmUq0sqJOkTx+UF/9YK1f180cnW5FVqnQMvYUN0elp6wFzbtPSiqbo1/ru8ICp43JM1i7kKkk6GsNGHlA=="
      },
      "System.Text.Json": {
        "type": "Transitive",
        "resolved": "8.0.5",
        "contentHash": "0f1B50Ss7rqxXiaBJyzUu9bWFOO2/zSlifZ/UNMdiIpDYe4cY4LQQicP4nirK1OS31I43rn062UIJ1Q9bpmHpg=="
      },
      "System.Threading.Tasks.Dataflow": {
        "type": "Transitive",
        "resolved": "8.0.1",
        "contentHash": "4pjq2vIPNZkKA9asAXzf5IRBb7K+b0+UQZZbpv6g029sAPZgnKdg/NNOC/DbJL8SWqYcFMVjb/T/YEmb0PHUYg=="
      },
      "Tmds.DBus.Protocol": {
        "type": "Transitive",
        "resolved": "0.21.2",
        "contentHash": "ScSMrUrrw8px4kK1Glh0fZv/HQUlg1078bNXNPfRPKQ3WbRzV9HpsydYEOgSoMK5LWICMf2bMwIFH0pGjxjcMA==",
        "dependencies": {
          "System.IO.Pipelines": "8.0.0"
        }
      }
    }
  }
}