{
  "version": 2,
  "dependencies": {
    "net9.0": {
      "Bluehill.Imports": {
        "type": "Direct",
        "requested": "[1.0.10-beta.0, )",
        "resolved": "1.0.10-beta.0",
        "contentHash": "bAdK7cxaAMiYBeOccVIbKS+3mqKlrj2qCN8Ar72UkZttTqR/Gq5YJed26HTQFOxw5wZkxiMbcjKgVprCV7IjUA==",
        "dependencies": {
          "Bluehill.Analyzers": "1.2.0",
          "Roslynator.Analyzers": "4.12.10",
          "Roslynator.Formatting.Analyzers": "4.12.10"
        }
      },
      "Bluehill.Analyzers": {
        "type": "Transitive",
        "resolved": "1.2.0",
        "contentHash": "vsLjAh+2Fv7Yij7sqFvkFxf5lRv4R+FqbRIl8CGCiNSzxFywisYIeueJiQp5wp7nvYunJy9bJ0YS0EH6PbEKJQ=="
      },
      "Roslynator.Analyzers": {
        "type": "Transitive",
        "resolved": "4.12.10",
        "contentHash": "Wecq3nfhTvnJPxX87hKbjMdX1xeCAMJf9rdBX3nQLTntQs9v0fFbUB2eQSSOArXMuFh7MxjLWaL4+b6XMi1NDA=="
      },
      "Roslynator.Formatting.Analyzers": {
        "type": "Transitive",
        "resolved": "4.12.10",
        "contentHash": "Yz0OhQtuECTPBMoURxcv1XKgquVpUcUOpRGac8tormJSJzbMYK8qvVSvjIvQkQOrfYPLFa8aak5200BEAq/X9Q=="
      }
    }
  }
}