{
  "version": 2,
  "dependencies": {
    "net9.0": {
      "Bluehill.Imports": {
        "type": "Direct",
        "requested": "[1.0.7, )",
        "resolved": "1.0.7",
        "contentHash": "s5zFMjig8Qx23oWJW2dXMAT25iqOZHiew/GQ1YcNEdvZiH2CIXFSn4og7/psvORS1aZ12/NsWhM2hozJgMpoIw==",
        "dependencies": {
          "Bluehill.Analyzers": "1.0.0",
          "Roslynator.Analyzers": "4.12.9",
          "Roslynator.Formatting.Analyzers": "4.12.9",
          "SonarAnalyzer.CSharp": "10.3.0.106239"
        }
      },
      "Microsoft.DotNet.ILCompiler": {
        "type": "Direct",
        "requested": "[9.0.0, )",
        "resolved": "9.0.0",
        "contentHash": "bbnlV2PbUmCQ8Ndpx0kJaicLyV28IU+4IzyctQLL57+DxrHurYr2qsJrC8+yD44Q0DyPfv2oM168c1Tk6Bxbmg=="
      },
      "Microsoft.NET.ILLink.Tasks": {
        "type": "Direct",
        "requested": "[9.0.0, )",
        "resolved": "9.0.0",
        "contentHash": "zAwp213evC3UkimtVXRb+Dlgc/40QG145nmZDtp2LO9zJJMfrp+i/87BnXN7tRXEA4liyzdFkjqG1HE8/RPb4A=="
      },
      "System.CommandLine": {
        "type": "Direct",
        "requested": "[2.0.0-beta4.22272.1, )",
        "resolved": "2.0.0-beta4.22272.1",
        "contentHash": "1uqED/q2H0kKoLJ4+hI2iPSBSEdTuhfCYADeJrAqERmiGQ2NNacYKRNEQ+gFbU4glgVyK8rxI+ZOe1onEtr/Pg=="
      },
      "Bluehill.Analyzers": {
        "type": "Transitive",
        "resolved": "1.0.0",
        "contentHash": "Bf6ZUY8D0QacpUtcJsLjahvyetjfBljSPTTrIS60sXs4UHQia5alHr6jAt2pf7xKDst40vo8+htiLE4NzLvkrg=="
      },
      "Roslynator.Analyzers": {
        "type": "Transitive",
        "resolved": "4.12.9",
        "contentHash": "X6lDpN/D5wuinq37KIx+l3GSUe9No+8bCjGBTI5sEEtxapLztkHg6gzNVhMXpXw8P+/5gFYxTXJ5Pf8O4iNz/w=="
      },
      "Roslynator.Formatting.Analyzers": {
        "type": "Transitive",
        "resolved": "4.12.9",
        "contentHash": "DOS/WK8xLvqPgD/SDVHQ6vI4T5uhDQftPuCXP1jB0TztzPrlblNud1F+9GhjzPIQrxxzkBmG65rihNErp2WVhg=="
      },
      "SonarAnalyzer.CSharp": {
        "type": "Transitive",
        "resolved": "10.3.0.106239",
        "contentHash": "Ne5QHx0nUULk7PF+3GIQIC2EnFI93SPRilyqVY6US4JolZOCc9XyUKzvOVsufp7cyrqbOTL07U5mb6poYzllNQ=="
      }
    },
    "net9.0/linux-arm64": {
      "Microsoft.DotNet.ILCompiler": {
        "type": "Direct",
        "requested": "[9.0.0, )",
        "resolved": "9.0.0",
        "contentHash": "bbnlV2PbUmCQ8Ndpx0kJaicLyV28IU+4IzyctQLL57+DxrHurYr2qsJrC8+yD44Q0DyPfv2oM168c1Tk6Bxbmg==",
        "dependencies": {
          "runtime.linux-arm64.Microsoft.DotNet.ILCompiler": "9.0.0"
        }
      },
      "runtime.linux-arm64.Microsoft.DotNet.ILCompiler": {
        "type": "Transitive",
        "resolved": "9.0.0",
        "contentHash": "7RVXw+bLJK+7wMeAXUQoAWj/V9ucm5ry3dop2DHjA/7w/mzP96KEjy7y1eM4WxhHU4xJPZftGHY6Ude3Jh+kOg=="
      }
    },
    "net9.0/linux-x64": {
      "Microsoft.DotNet.ILCompiler": {
        "type": "Direct",
        "requested": "[9.0.0, )",
        "resolved": "9.0.0",
        "contentHash": "bbnlV2PbUmCQ8Ndpx0kJaicLyV28IU+4IzyctQLL57+DxrHurYr2qsJrC8+yD44Q0DyPfv2oM168c1Tk6Bxbmg==",
        "dependencies": {
          "runtime.linux-x64.Microsoft.DotNet.ILCompiler": "9.0.0"
        }
      },
      "runtime.linux-x64.Microsoft.DotNet.ILCompiler": {
        "type": "Transitive",
        "resolved": "9.0.0",
        "contentHash": "0cvsKduTGVQ4E0pn3JKFFk5FcEmhNl2evCS3r9ShB5rYZrnDSBxTgd1NBlhI4M/1iG140JFxtkal7KPnLLbwPQ=="
      }
    }
  }
}