
Microsoft Visual Studio Solution File, Format Version 12.00
# Visual Studio Version 17
VisualStudioVersion = 17.10.34928.147
MinimumVisualStudioVersion = 10.0.40219.1
Project("{FAE04EC0-301F-11D3-BF4B-00C04F79EFBC}") = "Bluehill.Vhd", "Bluehill.Vhd\Bluehill.Vhd.csproj", "{EEBAE306-BB79-4F14-91DC-D8C6339DF9C6}"
EndProject
Global
	GlobalSection(SolutionConfigurationPlatforms) = preSolution
		Debug|Any CPU = Debug|Any CPU
		Release|Any CPU = Release|Any CPU
	EndGlobalSection
	GlobalSection(ProjectConfigurationPlatforms) = postSolution
		{EEBAE306-BB79-4F14-91DC-D8C6339DF9C6}.Debug|Any CPU.ActiveCfg = Debug|Any CPU
		{EEBAE306-BB79-4F14-91DC-D8C6339DF9C6}.Debug|Any CPU.Build.0 = Debug|Any CPU
		{EEBAE306-BB79-4F14-91DC-D8C6339DF9C6}.Release|Any CPU.ActiveCfg = Release|Any CPU
		{EEBAE306-BB79-4F14-91DC-D8C6339DF9C6}.Release|Any CPU.Build.0 = Release|Any CPU
	EndGlobalSection
	GlobalSection(SolutionProperties) = preSolution
		HideSolutionNode = FALSE
	EndGlobalSection
	GlobalSection(ExtensibilityGlobals) = postSolution
		SolutionGuid = {59842064-F757-42BA-8392-F4C024A2639C}
	EndGlobalSection
EndGlobal
