
Microsoft Visual Studio Solution File, Format Version 12.00
# Visual Studio Version 17
VisualStudioVersion = 17.14.36121.58
MinimumVisualStudioVersion = 10.0.40219.1
Project("{FAE04EC0-301F-11D3-BF4B-00C04F79EFBC}") = "UefiReboot", "UefiReboot\UefiReboot.csproj", "{DA6CAACE-03E3-467A-904A-67BAB1CEF06B}"
EndProject
Global
	GlobalSection(SolutionConfigurationPlatforms) = preSolution
		Debug|x64 = Debug|x64
		Release|x64 = Release|x64
	EndGlobalSection
	GlobalSection(ProjectConfigurationPlatforms) = postSolution
		{DA6CAACE-03E3-467A-904A-67BAB1CEF06B}.Debug|x64.ActiveCfg = Debug|x64
		{DA6CAACE-03E3-467A-904A-67BAB1CEF06B}.Debug|x64.Build.0 = Debug|x64
		{DA6CAACE-03E3-467A-904A-67BAB1CEF06B}.Release|x64.ActiveCfg = Release|x64
		{DA6CAACE-03E3-467A-904A-67BAB1CEF06B}.Release|x64.Build.0 = Release|x64
	EndGlobalSection
	GlobalSection(SolutionProperties) = preSolution
		HideSolutionNode = FALSE
	EndGlobalSection
	GlobalSection(ExtensibilityGlobals) = postSolution
		SolutionGuid = {A4CC57C4-0AD8-4AEF-8A41-1FA025957B3A}
	EndGlobalSection
EndGlobal
